// !$*UTF8*$!
{
	archiveVersion = 1;
	classes = {
	};
	objectVersion = 46;
	objects = {

/* Begin PBXBuildFile section */
		165D23E91A1F95810083C406 /* main.m in Sources */ = {isa = PBXBuildFile; fileRef = 165D23E81A1F95810083C406 /* main.m */; };
		165D23EC1A1F95810083C406 /* AppDelegate.m in Sources */ = {isa = PBXBuildFile; fileRef = 165D23EB1A1F95810083C406 /* AppDelegate.m */; };
		165D23EF1A1F95810083C406 /* GHCategoryMenuController.m in Sources */ = {isa = PBXBuildFile; fileRef = 165D23EE1A1F95810083C406 /* GHCategoryMenuController.m */; };
		165D23F41A1F95810083C406 /* Images.xcassets in Resources */ = {isa = PBXBuildFile; fileRef = 165D23F31A1F95810083C406 /* Images.xcassets */; };
		165D24031A1F95810083C406 /* scrollDevTests.m in Sources */ = {isa = PBXBuildFile; fileRef = 165D24021A1F95810083C406 /* scrollDevTests.m */; };
		16BFF5431A32272C0090A982 /* GHCategoryMenu.storyboard in Resources */ = {isa = PBXBuildFile; fileRef = 16BFF5421A32272C0090A982 /* GHCategoryMenu.storyboard */; };
		16BFF5461A322BB50090A982 /* GHCategoryMenuUtility.m in Sources */ = {isa = PBXBuildFile; fileRef = 16BFF5451A322BB50090A982 /* GHCategoryMenuUtility.m */; };
		16BFF54A1A3230370090A982 /* UIColor+GHCategoryMenu.m in Sources */ = {isa = PBXBuildFile; fileRef = 16BFF5491A3230370090A982 /* UIColor+GHCategoryMenu.m */; };
/* End PBXBuildFile section */

/* Begin PBXContainerItemProxy section */
		165D23FD1A1F95810083C406 /* PBXContainerItemProxy */ = {
			isa = PBXContainerItemProxy;
			containerPortal = 165D23DB1A1F95810083C406 /* Project object */;
			proxyType = 1;
			remoteGlobalIDString = 165D23E21A1F95810083C406;
			remoteInfo = scrollDev;
		};
/* End PBXContainerItemProxy section */

/* Begin PBXFileReference section */
		165D23E31A1F95810083C406 /* scrollDev.app */ = {isa = PBXFileReference; explicitFileType = wrapper.application; includeInIndex = 0; path = scrollDev.app; sourceTree = BUILT_PRODUCTS_DIR; };
		165D23E71A1F95810083C406 /* Info.plist */ = {isa = PBXFileReference; lastKnownFileType = text.plist.xml; path = Info.plist; sourceTree = "<group>"; };
		165D23E81A1F95810083C406 /* main.m */ = {isa = PBXFileReference; lastKnownFileType = sourcecode.c.objc; path = main.m; sourceTree = "<group>"; };
		165D23EA1A1F95810083C406 /* AppDelegate.h */ = {isa = PBXFileReference; lastKnownFileType = sourcecode.c.h; path = AppDelegate.h; sourceTree = "<group>"; };
		165D23EB1A1F95810083C406 /* AppDelegate.m */ = {isa = PBXFileReference; lastKnownFileType = sourcecode.c.objc; path = AppDelegate.m; sourceTree = "<group>"; };
		165D23ED1A1F95810083C406 /* GHCategoryMenuController.h */ = {isa = PBXFileReference; lastKnownFileType = sourcecode.c.h; path = GHCategoryMenuController.h; sourceTree = "<group>"; };
		165D23EE1A1F95810083C406 /* GHCategoryMenuController.m */ = {isa = PBXFileReference; lastKnownFileType = sourcecode.c.objc; path = GHCategoryMenuController.m; sourceTree = "<group>"; };
		165D23F31A1F95810083C406 /* Images.xcassets */ = {isa = PBXFileReference; lastKnownFileType = folder.assetcatalog; path = Images.xcassets; sourceTree = "<group>"; };
		165D23FC1A1F95810083C406 /* scrollDevTests.xctest */ = {isa = PBXFileReference; explicitFileType = wrapper.cfbundle; includeInIndex = 0; path = scrollDevTests.xctest; sourceTree = BUILT_PRODUCTS_DIR; };
		165D24011A1F95810083C406 /* Info.plist */ = {isa = PBXFileReference; lastKnownFileType = text.plist.xml; path = Info.plist; sourceTree = "<group>"; };
		165D24021A1F95810083C406 /* scrollDevTests.m */ = {isa = PBXFileReference; lastKnownFileType = sourcecode.c.objc; path = scrollDevTests.m; sourceTree = "<group>"; };
		16BFF5421A32272C0090A982 /* GHCategoryMenu.storyboard */ = {isa = PBXFileReference; fileEncoding = 4; lastKnownFileType = file.storyboard; path = GHCategoryMenu.storyboard; sourceTree = "<group>"; };
		16BFF5441A322BB50090A982 /* GHCategoryMenuUtility.h */ = {isa = PBXFileReference; fileEncoding = 4; lastKnownFileType = sourcecode.c.h; path = GHCategoryMenuUtility.h; sourceTree = "<group>"; };
		16BFF5451A322BB50090A982 /* GHCategoryMenuUtility.m */ = {isa = PBXFileReference; fileEncoding = 4; lastKnownFileType = sourcecode.c.objc; path = GHCategoryMenuUtility.m; sourceTree = "<group>"; };
		16BFF5481A3230370090A982 /* UIColor+GHCategoryMenu.h */ = {isa = PBXFileReference; fileEncoding = 4; lastKnownFileType = sourcecode.c.h; path = "UIColor+GHCategoryMenu.h"; sourceTree = "<group>"; };
		16BFF5491A3230370090A982 /* UIColor+GHCategoryMenu.m */ = {isa = PBXFileReference; fileEncoding = 4; lastKnownFileType = sourcecode.c.objc; path = "UIColor+GHCategoryMenu.m"; sourceTree = "<group>"; };
/* End PBXFileReference section */

/* Begin PBXFrameworksBuildPhase section */
		165D23E01A1F95810083C406 /* Frameworks */ = {
			isa = PBXFrameworksBuildPhase;
			buildActionMask = 2147483647;
			files = (
			);
			runOnlyForDeploymentPostprocessing = 0;
		};
		165D23F91A1F95810083C406 /* Frameworks */ = {
			isa = PBXFrameworksBuildPhase;
			buildActionMask = 2147483647;
			files = (
			);
			runOnlyForDeploymentPostprocessing = 0;
		};
/* End PBXFrameworksBuildPhase section */

/* Begin PBXGroup section */
		165D23DA1A1F95810083C406 = {
			isa = PBXGroup;
			children = (
				165D23E51A1F95810083C406 /* scrollDev */,
				165D23FF1A1F95810083C406 /* scrollDevTests */,
				165D23E41A1F95810083C406 /* Products */,
			);
			sourceTree = "<group>";
		};
		165D23E41A1F95810083C406 /* Products */ = {
			isa = PBXGroup;
			children = (
				165D23E31A1F95810083C406 /* scrollDev.app */,
				165D23FC1A1F95810083C406 /* scrollDevTests.xctest */,
			);
			name = Products;
			sourceTree = "<group>";
		};
		165D23E51A1F95810083C406 /* scrollDev */ = {
			isa = PBXGroup;
			children = (
				165D23EA1A1F95810083C406 /* AppDelegate.h */,
				165D23EB1A1F95810083C406 /* AppDelegate.m */,
				16BFF5481A3230370090A982 /* UIColor+GHCategoryMenu.h */,
				16BFF5491A3230370090A982 /* UIColor+GHCategoryMenu.m */,
				16BFF5441A322BB50090A982 /* GHCategoryMenuUtility.h */,
				16BFF5451A322BB50090A982 /* GHCategoryMenuUtility.m */,
				165D23ED1A1F95810083C406 /* GHCategoryMenuController.h */,
				165D23EE1A1F95810083C406 /* GHCategoryMenuController.m */,
				16BFF5421A32272C0090A982 /* GHCategoryMenu.storyboard */,
				165D23F31A1F95810083C406 /* Images.xcassets */,
				165D23E61A1F95810083C406 /* Supporting Files */,
			);
			path = scrollDev;
			sourceTree = "<group>";
		};
		165D23E61A1F95810083C406 /* Supporting Files */ = {
			isa = PBXGroup;
			children = (
				165D23E71A1F95810083C406 /* Info.plist */,
				165D23E81A1F95810083C406 /* main.m */,
			);
			name = "Supporting Files";
			sourceTree = "<group>";
		};
		165D23FF1A1F95810083C406 /* scrollDevTests */ = {
			isa = PBXGroup;
			children = (
				165D24021A1F95810083C406 /* scrollDevTests.m */,
				165D24001A1F95810083C406 /* Supporting Files */,
			);
			path = scrollDevTests;
			sourceTree = "<group>";
		};
		165D24001A1F95810083C406 /* Supporting Files */ = {
			isa = PBXGroup;
			children = (
				165D24011A1F95810083C406 /* Info.plist */,
			);
			name = "Supporting Files";
			sourceTree = "<group>";
		};
/* End PBXGroup section */

/* Begin PBXNativeTarget section */
		165D23E21A1F95810083C406 /* scrollDev */ = {
			isa = PBXNativeTarget;
			buildConfigurationList = 165D24061A1F95810083C406 /* Build configuration list for PBXNativeTarget "scrollDev" */;
			buildPhases = (
				165D23DF1A1F95810083C406 /* Sources */,
				165D23E01A1F95810083C406 /* Frameworks */,
				165D23E11A1F95810083C406 /* Resources */,
			);
			buildRules = (
			);
			dependencies = (
			);
			name = scrollDev;
			productName = scrollDev;
			productReference = 165D23E31A1F95810083C406 /* scrollDev.app */;
			productType = "com.apple.product-type.application";
		};
		165D23FB1A1F95810083C406 /* scrollDevTests */ = {
			isa = PBXNativeTarget;
			buildConfigurationList = 165D24091A1F95810083C406 /* Build configuration list for PBXNativeTarget "scrollDevTests" */;
			buildPhases = (
				165D23F81A1F95810083C406 /* Sources */,
				165D23F91A1F95810083C406 /* Frameworks */,
				165D23FA1A1F95810083C406 /* Resources */,
			);
			buildRules = (
			);
			dependencies = (
				165D23FE1A1F95810083C406 /* PBXTargetDependency */,
			);
			name = scrollDevTests;
			productName = scrollDevTests;
			productReference = 165D23FC1A1F95810083C406 /* scrollDevTests.xctest */;
			productType = "com.apple.product-type.bundle.unit-test";
		};
/* End PBXNativeTarget section */

/* Begin PBXProject section */
		165D23DB1A1F95810083C406 /* Project object */ = {
			isa = PBXProject;
			attributes = {
				LastUpgradeCheck = 0610;
				ORGANIZATIONNAME = goshan;
				TargetAttributes = {
					165D23E21A1F95810083C406 = {
						CreatedOnToolsVersion = 6.1;
						DevelopmentTeam = SFLY55VDJH;
					};
					165D23FB1A1F95810083C406 = {
						CreatedOnToolsVersion = 6.1;
						TestTargetID = 165D23E21A1F95810083C406;
					};
				};
			};
			buildConfigurationList = 165D23DE1A1F95810083C406 /* Build configuration list for PBXProject "scrollDev" */;
			compatibilityVersion = "Xcode 3.2";
			developmentRegion = English;
			hasScannedForEncodings = 0;
			knownRegions = (
				en,
				Base,
			);
			mainGroup = 165D23DA1A1F95810083C406;
			productRefGroup = 165D23E41A1F95810083C406 /* Products */;
			projectDirPath = "";
			projectRoot = "";
			targets = (
				165D23E21A1F95810083C406 /* scrollDev */,
				165D23FB1A1F95810083C406 /* scrollDevTests */,
			);
		};
/* End PBXProject section */

/* Begin PBXResourcesBuildPhase section */
		165D23E11A1F95810083C406 /* Resources */ = {
			isa = PBXResourcesBuildPhase;
			buildActionMask = 2147483647;
			files = (
				16BFF5431A32272C0090A982 /* GHCategoryMenu.storyboard in Resources */,
				165D23F41A1F95810083C406 /* Images.xcassets in Resources */,
			);
			runOnlyForDeploymentPostprocessing = 0;
		};
		165D23FA1A1F95810083C406 /* Resources */ = {
			isa = PBXResourcesBuildPhase;
			buildActionMask = 2147483647;
			files = (
			);
			runOnlyForDeploymentPostprocessing = 0;
		};
/* End PBXResourcesBuildPhase section */

/* Begin PBXSourcesBuildPhase section */
		165D23DF1A1F95810083C406 /* Sources */ = {
			isa = PBXSourcesBuildPhase;
			buildActionMask = 2147483647;
			files = (
				16BFF54A1A3230370090A982 /* UIColor+GHCategoryMenu.m in Sources */,
				16BFF5461A322BB50090A982 /* GHCategoryMenuUtility.m in Sources */,
				165D23EF1A1F95810083C406 /* GHCategoryMenuController.m in Sources */,
				165D23EC1A1F95810083C406 /* AppDelegate.m in Sources */,
				165D23E91A1F95810083C406 /* main.m in Sources */,
			);
			runOnlyForDeploymentPostprocessing = 0;
		};
		165D23F81A1F95810083C406 /* Sources */ = {
			isa = PBXSourcesBuildPhase;
			buildActionMask = 2147483647;
			files = (
				165D24031A1F95810083C406 /* scrollDevTests.m in Sources */,
			);
			runOnlyForDeploymentPostprocessing = 0;
		};
/* End PBXSourcesBuildPhase section */

/* Begin PBXTargetDependency section */
		165D23FE1A1F95810083C406 /* PBXTargetDependency */ = {
			isa = PBXTargetDependency;
			target = 165D23E21A1F95810083C406 /* scrollDev */;
			targetProxy = 165D23FD1A1F95810083C406 /* PBXContainerItemProxy */;
		};
/* End PBXTargetDependency section */

/* Begin XCBuildConfiguration section */
		165D24041A1F95810083C406 /* Debug */ = {
			isa = XCBuildConfiguration;
			buildSettings = {
				ALWAYS_SEARCH_USER_PATHS = NO;
				CLANG_CXX_LANGUAGE_STANDARD = "gnu++0x";
				CLANG_CXX_LIBRARY = "libc++";
				CLANG_ENABLE_MODULES = YES;
				CLANG_ENABLE_OBJC_ARC = YES;
				CLANG_WARN_BOOL_CONVERSION = YES;
				CLANG_WARN_CONSTANT_CONVERSION = YES;
				CLANG_WARN_DIRECT_OBJC_ISA_USAGE = YES_ERROR;
				CLANG_WARN_EMPTY_BODY = YES;
				CLANG_WARN_ENUM_CONVERSION = YES;
				CLANG_WARN_INT_CONVERSION = YES;
				CLANG_WARN_OBJC_ROOT_CLASS = YES_ERROR;
				CLANG_WARN_UNREACHABLE_CODE = YES;
				CLANG_WARN__DUPLICATE_METHOD_MATCH = YES;
				"CODE_SIGN_IDENTITY[sdk=iphoneos*]" = "iPhone Developer";
				COPY_PHASE_STRIP = NO;
				ENABLE_STRICT_OBJC_MSGSEND = YES;
				GCC_C_LANGUAGE_STANDARD = gnu99;
				GCC_DYNAMIC_NO_PIC = NO;
				GCC_OPTIMIZATION_LEVEL = 0;
				GCC_PREPROCESSOR_DEFINITIONS = (
					"DEBUG=1",
					"$(inherited)",
				);
				GCC_SYMBOLS_PRIVATE_EXTERN = NO;
				GCC_WARN_64_TO_32_BIT_CONVERSION = YES;
				GCC_WARN_ABOUT_RETURN_TYPE = YES_ERROR;
				GCC_WARN_UNDECLARED_SELECTOR = YES;
				GCC_WARN_UNINITIALIZED_AUTOS = YES_AGGRESSIVE;
				GCC_WARN_UNUSED_FUNCTION = YES;
				GCC_WARN_UNUSED_VARIABLE = YES;
				IPHONEOS_DEPLOYMENT_TARGET = 7.1;
				MTL_ENABLE_DEBUG_INFO = YES;
				ONLY_ACTIVE_ARCH = YES;
				SDKROOT = iphoneos;
			};
			name = Debug;
		};
		165D24051A1F95810083C406 /* Release */ = {
			isa = XCBuildConfiguration;
			buildSettings = {
				ALWAYS_SEARCH_USER_PATHS = NO;
				CLANG_CXX_LANGUAGE_STANDARD = "gnu++0x";
				CLANG_CXX_LIBRARY = "libc++";
				CLANG_ENABLE_MODULES = YES;
				CLANG_ENABLE_OBJC_ARC = YES;
				CLANG_WARN_BOOL_CONVERSION = YES;
				CLANG_WARN_CONSTANT_CONVERSION = YES;
				CLANG_WARN_DIRECT_OBJC_ISA_USAGE = YES_ERROR;
				CLANG_WARN_EMPTY_BODY = YES;
				CLANG_WARN_ENUM_CONVERSION = YES;
				CLANG_WARN_INT_CONVERSION = YES;
				CLANG_WARN_OBJC_ROOT_CLASS = YES_ERROR;
				CLANG_WARN_UNREACHABLE_CODE = YES;
				CLANG_WARN__DUPLICATE_METHOD_MATCH = YES;
				"CODE_SIGN_IDENTITY[sdk=iphoneos*]" = "iPhone Developer";
				COPY_PHASE_STRIP = YES;
				ENABLE_NS_ASSERTIONS = NO;
				ENABLE_STRICT_OBJC_MSGSEND = YES;
				GCC_C_LANGUAGE_STANDARD = gnu99;
				GCC_WARN_64_TO_32_BIT_CONVERSION = YES;
				GCC_WARN_ABOUT_RETURN_TYPE = YES_ERROR;
				GCC_WARN_UNDECLARED_SELECTOR = YES;
				GCC_WARN_UNINITIALIZED_AUTOS = YES_AGGRESSIVE;
				GCC_WARN_UNUSED_FUNCTION = YES;
				GCC_WARN_UNUSED_VARIABLE = YES;
				IPHONEOS_DEPLOYMENT_TARGET = 7.1;
				MTL_ENABLE_DEBUG_INFO = NO;
				SDKROOT = iphoneos;
				VALIDATE_PRODUCT = YES;
			};
			name = Release;
		};
		165D24071A1F95810083C406 /* Debug */ = {
			isa = XCBuildConfiguration;
			buildSettings = {
				ASSETCATALOG_COMPILER_APPICON_NAME = AppIcon;
				ASSETCATALOG_COMPILER_LAUNCHIMAGE_NAME = LaunchImage;
				CODE_SIGN_IDENTITY = "iPhone Developer";
				INFOPLIST_FILE = scrollDev/Info.plist;
				LD_RUNPATH_SEARCH_PATHS = "$(inherited) @executable_path/Frameworks";
				PRODUCT_NAME = "$(TARGET_NAME)";
			};
			name = Debug;
		};
		165D24081A1F95810083C406 /* Release */ = {
			isa = XCBuildConfiguration;
			buildSettings = {
				ASSETCATALOG_COMPILER_APPICON_NAME = AppIcon;
				ASSETCATALOG_COMPILER_LAUNCHIMAGE_NAME = LaunchImage;
				CODE_SIGN_IDENTITY = "iPhone Developer";
				INFOPLIST_FILE = scrollDev/Info.plist;
				LD_RUNPATH_SEARCH_PATHS = "$(inherited) @executable_path/Frameworks";
				PRODUCT_NAME = "$(TARGET_NAME)";
			};
			name = Release;
		};
		165D240A1A1F95810083C406 /* Debug */ = {
			isa = XCBuildConfiguration;
			buildSettings = {
				BUNDLE_LOADER = "$(TEST_HOST)";
				FRAMEWORK_SEARCH_PATHS = (
					"$(SDKROOT)/Developer/Library/Frameworks",
					"$(inherited)",
				);
				GCC_PREPROCESSOR_DEFINITIONS = (
					"DEBUG=1",
					"$(inherited)",
				);
				INFOPLIST_FILE = scrollDevTests/Info.plist;
				LD_RUNPATH_SEARCH_PATHS = "$(inherited) @executable_path/Frameworks @loader_path/Frameworks";
				PRODUCT_NAME = "$(TARGET_NAME)";
				TEST_HOST = "$(BUILT_PRODUCTS_DIR)/scrollDev.app/scrollDev";
			};
			name = Debug;
		};
		165D240B1A1F95810083C406 /* Release */ = {
			isa = XCBuildConfiguration;
			buildSettings = {
				BUNDLE_LOADER = "$(TEST_HOST)";
				FRAMEWORK_SEARCH_PATHS = (
					"$(SDKROOT)/Developer/Library/Frameworks",
					"$(inherited)",
				);
				INFOPLIST_FILE = scrollDevTests/Info.plist;
				LD_RUNPATH_SEARCH_PATHS = "$(inherited) @executable_path/Frameworks @loader_path/Frameworks";
				PRODUCT_NAME = "$(TARGET_NAME)";
				TEST_HOST = "$(BUILT_PRODUCTS_DIR)/scrollDev.app/scrollDev";
			};
			name = Release;
		};
/* End XCBuildConfiguration section */

/* Begin XCConfigurationList section */
		165D23DE1A1F95810083C406 /* Build configuration list for PBXProject "scrollDev" */ = {
			isa = XCConfigurationList;
			buildConfigurations = (
				165D24041A1F95810083C406 /* Debug */,
				165D24051A1F95810083C406 /* Release */,
			);
			defaultConfigurationIsVisible = 0;
			defaultConfigurationName = Release;
		};
		165D24061A1F95810083C406 /* Build configuration list for PBXNativeTarget "scrollDev" */ = {
			isa = XCConfigurationList;
			buildConfigurations = (
				165D24071A1F95810083C406 /* Debug */,
				165D24081A1F95810083C406 /* Release */,
			);
			defaultConfigurationIsVisible = 0;
			defaultConfigurationName = Release;
		};
		165D24091A1F95810083C406 /* Build configuration list for PBXNativeTarget "scrollDevTests" */ = {
			isa = XCConfigurationList;
			buildConfigurations = (
				165D240A1A1F95810083C406 /* Debug */,
				165D240B1A1F95810083C406 /* Release */,
			);
			defaultConfigurationIsVisible = 0;
			defaultConfigurationName = Release;
		};
/* End XCConfigurationList section */
	};
	rootObject = 165D23DB1A1F95810083C406 /* Project object */;
}
